
Microsoft Visual Studio Solution File, Format Version 12.00
# Visual Studio 15
VisualStudioVersion = 15.0.28010.2050
MinimumVisualStudioVersion = 10.0.40219.1
Project("{FAE04EC0-301F-11D3-BF4B-00C04F79EFBC}") = "GridTest2", "GridTest2\GridTest2.csproj", "{51B4ADE0-7C15-404C-94D5-5995EB7866EC}"
EndProject
Global
	GlobalSection(SolutionConfigurationPlatforms) = preSolution
		Debug|Any CPU = Debug|Any CPU
		Release|Any CPU = Release|Any CPU
	EndGlobalSection
	GlobalSection(ProjectConfigurationPlatforms) = postSolution
		{51B4ADE0-7C15-404C-94D5-5995EB7866EC}.Debug|Any CPU.ActiveCfg = Debug|Any CPU
		{51B4ADE0-7C15-404C-94D5-5995EB7866EC}.Debug|Any CPU.Build.0 = Debug|Any CPU
		{51B4ADE0-7C15-404C-94D5-5995EB7866EC}.Release|Any CPU.ActiveCfg = Release|Any CPU
		{51B4ADE0-7C15-404C-94D5-5995EB7866EC}.Release|Any CPU.Build.0 = Release|Any CPU
	EndGlobalSection
	GlobalSection(SolutionProperties) = preSolution
		HideSolutionNode = FALSE
	EndGlobalSection
	GlobalSection(ExtensibilityGlobals) = postSolution
		SolutionGuid = {E0404AB8-403C-4B15-BE75-401BC6AD1A50}
	EndGlobalSection
EndGlobal
