
Microsoft Visual Studio Solution File, Format Version 12.00
# Visual Studio 15
VisualStudioVersion = 15.0.28010.2050
MinimumVisualStudioVersion = 10.0.40219.1
Project("{FAE04EC0-301F-11D3-BF4B-00C04F79EFBC}") = "StyleTest", "StyleTest\StyleTest.csproj", "{42D3E6D0-D331-468F-950A-7838E3EA67EE}"
EndProject
Global
	GlobalSection(SolutionConfigurationPlatforms) = preSolution
		Debug|Any CPU = Debug|Any CPU
		Release|Any CPU = Release|Any CPU
	EndGlobalSection
	GlobalSection(ProjectConfigurationPlatforms) = postSolution
		{42D3E6D0-D331-468F-950A-7838E3EA67EE}.Debug|Any CPU.ActiveCfg = Debug|Any CPU
		{42D3E6D0-D331-468F-950A-7838E3EA67EE}.Debug|Any CPU.Build.0 = Debug|Any CPU
		{42D3E6D0-D331-468F-950A-7838E3EA67EE}.Release|Any CPU.ActiveCfg = Release|Any CPU
		{42D3E6D0-D331-468F-950A-7838E3EA67EE}.Release|Any CPU.Build.0 = Release|Any CPU
	EndGlobalSection
	GlobalSection(SolutionProperties) = preSolution
		HideSolutionNode = FALSE
	EndGlobalSection
	GlobalSection(ExtensibilityGlobals) = postSolution
		SolutionGuid = {CEB54F46-F2F6-47D0-B32D-9CBE24E77487}
	EndGlobalSection
EndGlobal
