
Microsoft Visual Studio Solution File, Format Version 12.00
# Visual Studio 15
VisualStudioVersion = 15.0.28010.2050
MinimumVisualStudioVersion = 10.0.40219.1
Project("{FAE04EC0-301F-11D3-BF4B-00C04F79EFBC}") = "ColckTicker2", "ColckTicker2\ColckTicker2.csproj", "{861DA1BD-EA96-4CBE-84C5-E5E0275904D7}"
EndProject
Global
	GlobalSection(SolutionConfigurationPlatforms) = preSolution
		Debug|Any CPU = Debug|Any CPU
		Release|Any CPU = Release|Any CPU
	EndGlobalSection
	GlobalSection(ProjectConfigurationPlatforms) = postSolution
		{861DA1BD-EA96-4CBE-84C5-E5E0275904D7}.Debug|Any CPU.ActiveCfg = Debug|Any CPU
		{861DA1BD-EA96-4CBE-84C5-E5E0275904D7}.Debug|Any CPU.Build.0 = Debug|Any CPU
		{861DA1BD-EA96-4CBE-84C5-E5E0275904D7}.Release|Any CPU.ActiveCfg = Release|Any CPU
		{861DA1BD-EA96-4CBE-84C5-E5E0275904D7}.Release|Any CPU.Build.0 = Release|Any CPU
	EndGlobalSection
	GlobalSection(SolutionProperties) = preSolution
		HideSolutionNode = FALSE
	EndGlobalSection
	GlobalSection(ExtensibilityGlobals) = postSolution
		SolutionGuid = {D5D8E305-9718-4EE0-9B10-B367E67DECF3}
	EndGlobalSection
EndGlobal
