
Microsoft Visual Studio Solution File, Format Version 12.00
# Visual Studio 15
VisualStudioVersion = 15.0.28010.2050
MinimumVisualStudioVersion = 10.0.40219.1
Project("{FAE04EC0-301F-11D3-BF4B-00C04F79EFBC}") = "GridientBrushTest", "GridientBrushTest\GridientBrushTest.csproj", "{2775413D-5F55-4B77-A0A2-978D07A378B7}"
EndProject
Global
	GlobalSection(SolutionConfigurationPlatforms) = preSolution
		Debug|Any CPU = Debug|Any CPU
		Release|Any CPU = Release|Any CPU
	EndGlobalSection
	GlobalSection(ProjectConfigurationPlatforms) = postSolution
		{2775413D-5F55-4B77-A0A2-978D07A378B7}.Debug|Any CPU.ActiveCfg = Debug|Any CPU
		{2775413D-5F55-4B77-A0A2-978D07A378B7}.Debug|Any CPU.Build.0 = Debug|Any CPU
		{2775413D-5F55-4B77-A0A2-978D07A378B7}.Release|Any CPU.ActiveCfg = Release|Any CPU
		{2775413D-5F55-4B77-A0A2-978D07A378B7}.Release|Any CPU.Build.0 = Release|Any CPU
	EndGlobalSection
	GlobalSection(SolutionProperties) = preSolution
		HideSolutionNode = FALSE
	EndGlobalSection
	GlobalSection(ExtensibilityGlobals) = postSolution
		SolutionGuid = {20A579E8-4CD8-4F72-9079-5451AD265B37}
	EndGlobalSection
EndGlobal
